
Microsoft Visual Studio Solution File, Format Version 12.00
# Visual Studio Version 17
VisualStudioVersion = 17.14.36203.30
MinimumVisualStudioVersion = 10.0.40219.1
Project("{FAE04EC0-301F-11D3-BF4B-00C04F79EFBC}") = "Diploma.API", "Diploma.API\Diploma.API.csproj", "{5217B250-5D71-4198-A56D-71E90CCC3E55}"
EndProject
Project("{FAE04EC0-301F-11D3-BF4B-00C04F79EFBC}") = "RegonPlugin", "RegonPlugin\RegonPlugin.csproj", "{11A53BF6-A4D3-4283-84BE-D8444F3E7449}"
EndProject
Project("{FAE04EC0-301F-11D3-BF4B-00C04F79EFBC}") = "RadonPlugin", "RadonPlugin\RadonPlugin.csproj", "{49F85FDF-6800-4467-87A0-88CF8D0FAF7E}"
EndProject
Project("{FAE04EC0-301F-11D3-BF4B-00C04F79EFBC}") = "TerytPlugin", "TerytPlugin\TerytPlugin.csproj", "{4B1DA54F-58D4-448A-858F-0B4CE162A6C7}"
EndProject
Project("{FAE04EC0-301F-11D3-BF4B-00C04F79EFBC}") = "Diploma.Infrastructure", "Diploma.Infrastructure\Diploma.Infrastructure.csproj", "{02AED923-C873-4DE5-9007-1A607E178A88}"
EndProject
Project("{FAE04EC0-301F-11D3-BF4B-00C04F79EFBC}") = "Diploma.UseCase", "Diploma.UseCase\Diploma.UseCase.csproj", "{DB527A7F-F8BA-4B36-BAFF-54F14C49F8EB}"
EndProject
Project("{FAE04EC0-301F-11D3-BF4B-00C04F79EFBC}") = "Diploma.Domain", "Diploma.Domain\Diploma.Domain.csproj", "{300BB96C-2DE2-479E-8743-D3F1DE6A1D5D}"
EndProject
Project("{FAE04EC0-301F-11D3-BF4B-00C04F79EFBC}") = "Diploma.Seeder", "Diploma.Seeder\Diploma.Seeder.csproj", "{05D1817F-9E02-4048-99B9-A2453C65B36D}"
EndProject
Global
	GlobalSection(SolutionConfigurationPlatforms) = preSolution
		Debug|Any CPU = Debug|Any CPU
		Release|Any CPU = Release|Any CPU
	EndGlobalSection
	GlobalSection(ProjectConfigurationPlatforms) = postSolution
		{5217B250-5D71-4198-A56D-71E90CCC3E55}.Debug|Any CPU.ActiveCfg = Debug|Any CPU
		{5217B250-5D71-4198-A56D-71E90CCC3E55}.Debug|Any CPU.Build.0 = Debug|Any CPU
		{5217B250-5D71-4198-A56D-71E90CCC3E55}.Release|Any CPU.ActiveCfg = Release|Any CPU
		{5217B250-5D71-4198-A56D-71E90CCC3E55}.Release|Any CPU.Build.0 = Release|Any CPU
		{11A53BF6-A4D3-4283-84BE-D8444F3E7449}.Debug|Any CPU.ActiveCfg = Debug|Any CPU
		{11A53BF6-A4D3-4283-84BE-D8444F3E7449}.Debug|Any CPU.Build.0 = Debug|Any CPU
		{11A53BF6-A4D3-4283-84BE-D8444F3E7449}.Release|Any CPU.ActiveCfg = Release|Any CPU
		{11A53BF6-A4D3-4283-84BE-D8444F3E7449}.Release|Any CPU.Build.0 = Release|Any CPU
		{49F85FDF-6800-4467-87A0-88CF8D0FAF7E}.Debug|Any CPU.ActiveCfg = Debug|Any CPU
		{49F85FDF-6800-4467-87A0-88CF8D0FAF7E}.Debug|Any CPU.Build.0 = Debug|Any CPU
		{49F85FDF-6800-4467-87A0-88CF8D0FAF7E}.Release|Any CPU.ActiveCfg = Release|Any CPU
		{49F85FDF-6800-4467-87A0-88CF8D0FAF7E}.Release|Any CPU.Build.0 = Release|Any CPU
		{4B1DA54F-58D4-448A-858F-0B4CE162A6C7}.Debug|Any CPU.ActiveCfg = Debug|Any CPU
		{4B1DA54F-58D4-448A-858F-0B4CE162A6C7}.Debug|Any CPU.Build.0 = Debug|Any CPU
		{4B1DA54F-58D4-448A-858F-0B4CE162A6C7}.Release|Any CPU.ActiveCfg = Release|Any CPU
		{4B1DA54F-58D4-448A-858F-0B4CE162A6C7}.Release|Any CPU.Build.0 = Release|Any CPU
		{02AED923-C873-4DE5-9007-1A607E178A88}.Debug|Any CPU.ActiveCfg = Debug|Any CPU
		{02AED923-C873-4DE5-9007-1A607E178A88}.Debug|Any CPU.Build.0 = Debug|Any CPU
		{02AED923-C873-4DE5-9007-1A607E178A88}.Release|Any CPU.ActiveCfg = Release|Any CPU
		{02AED923-C873-4DE5-9007-1A607E178A88}.Release|Any CPU.Build.0 = Release|Any CPU
		{DB527A7F-F8BA-4B36-BAFF-54F14C49F8EB}.Debug|Any CPU.ActiveCfg = Debug|Any CPU
		{DB527A7F-F8BA-4B36-BAFF-54F14C49F8EB}.Debug|Any CPU.Build.0 = Debug|Any CPU
		{DB527A7F-F8BA-4B36-BAFF-54F14C49F8EB}.Release|Any CPU.ActiveCfg = Release|Any CPU
		{DB527A7F-F8BA-4B36-BAFF-54F14C49F8EB}.Release|Any CPU.Build.0 = Release|Any CPU
		{300BB96C-2DE2-479E-8743-D3F1DE6A1D5D}.Debug|Any CPU.ActiveCfg = Debug|Any CPU
		{300BB96C-2DE2-479E-8743-D3F1DE6A1D5D}.Debug|Any CPU.Build.0 = Debug|Any CPU
		{300BB96C-2DE2-479E-8743-D3F1DE6A1D5D}.Release|Any CPU.ActiveCfg = Release|Any CPU
		{300BB96C-2DE2-479E-8743-D3F1DE6A1D5D}.Release|Any CPU.Build.0 = Release|Any CPU
		{05D1817F-9E02-4048-99B9-A2453C65B36D}.Debug|Any CPU.ActiveCfg = Debug|Any CPU
		{05D1817F-9E02-4048-99B9-A2453C65B36D}.Debug|Any CPU.Build.0 = Debug|Any CPU
		{05D1817F-9E02-4048-99B9-A2453C65B36D}.Release|Any CPU.ActiveCfg = Release|Any CPU
		{05D1817F-9E02-4048-99B9-A2453C65B36D}.Release|Any CPU.Build.0 = Release|Any CPU
	EndGlobalSection
	GlobalSection(SolutionProperties) = preSolution
		HideSolutionNode = FALSE
	EndGlobalSection
	GlobalSection(ExtensibilityGlobals) = postSolution
		SolutionGuid = {23155D47-188B-4FCA-BCC1-09DB0E27C493}
	EndGlobalSection
EndGlobal
